
Microsoft Visual Studio Solution File, Format Version 12.00
# Visual Studio Version 16
VisualStudioVersion = 16.0.29418.71
MinimumVisualStudioVersion = 10.0.40219.1
Project("{FAE04EC0-301F-11D3-BF4B-00C04F79EFBC}") = "TP4", "TP4\TP4.csproj", "{588E9A82-62D7-4B05-B934-06EC86789451}"
EndProject
Global
	GlobalSection(SolutionConfigurationPlatforms) = preSolution
		Debug|Any CPU = Debug|Any CPU
		Release|Any CPU = Release|Any CPU
	EndGlobalSection
	GlobalSection(ProjectConfigurationPlatforms) = postSolution
		{588E9A82-62D7-4B05-B934-06EC86789451}.Debug|Any CPU.ActiveCfg = Debug|Any CPU
		{588E9A82-62D7-4B05-B934-06EC86789451}.Debug|Any CPU.Build.0 = Debug|Any CPU
		{588E9A82-62D7-4B05-B934-06EC86789451}.Release|Any CPU.ActiveCfg = Release|Any CPU
		{588E9A82-62D7-4B05-B934-06EC86789451}.Release|Any CPU.Build.0 = Release|Any CPU
	EndGlobalSection
	GlobalSection(SolutionProperties) = preSolution
		HideSolutionNode = FALSE
	EndGlobalSection
	GlobalSection(ExtensibilityGlobals) = postSolution
		SolutionGuid = {46DF8C9C-B5E5-4164-8A37-149482EC9A8C}
	EndGlobalSection
EndGlobal
